
Microsoft Visual Studio Solution File, Format Version 12.00
# Visual Studio 15
VisualStudioVersion = 15.0.28307.421
MinimumVisualStudioVersion = 10.0.40219.1
Project("{FAE04EC0-301F-11D3-BF4B-00C04F79EFBC}") = "App.Data.DataAccess", "App.Data.DataAccess\App.Data.DataAccess.csproj", "{B6E325AF-00CF-4F91-9BC9-435F725D9915}"
EndProject
Project("{FAE04EC0-301F-11D3-BF4B-00C04F79EFBC}") = "App.Entities.Base", "App.Entities.Base\App.Entities.Base.csproj", "{14ADC132-FBEC-4A49-B9C1-CE33965DD5EA}"
EndProject
Project("{FAE04EC0-301F-11D3-BF4B-00C04F79EFBC}") = "App.Data.DataAccessTest", "App.Data.DataAccessTest\App.Data.DataAccessTest.csproj", "{FFFC01C7-481C-41F7-B3F2-7D978F5B4339}"
EndProject
Project("{FAE04EC0-301F-11D3-BF4B-00C04F79EFBC}") = "App.Entities.Queries", "App.Entities.Queries\App.Entities.Queries.csproj", "{00CD011B-CA35-4F3D-9BE9-3FE084279B99}"
EndProject
Project("{FAE04EC0-301F-11D3-BF4B-00C04F79EFBC}") = "App.UI.Desktop", "App.UI.Desktop\App.UI.Desktop.csproj", "{96378BC8-6AD0-424D-B864-93DB47C0CFBA}"
EndProject
Project("{2150E333-8FDC-42A3-9474-1A3956D46DE8}") = "Data", "Data", "{A74B0FE3-D00B-4063-A119-823AD66FC5C4}"
EndProject
Project("{2150E333-8FDC-42A3-9474-1A3956D46DE8}") = "Entities", "Entities", "{6FCDF215-FF56-40FA-AC60-0E144FCC734B}"
EndProject
Project("{2150E333-8FDC-42A3-9474-1A3956D46DE8}") = "UI", "UI", "{C0B91541-714B-47BF-AA06-CDE0E7808673}"
EndProject
Project("{FAE04EC0-301F-11D3-BF4B-00C04F79EFBC}") = "App.Data.Repository.Interface", "App.Data.Repository.Interface\App.Data.Repository.Interface.csproj", "{C021A6EA-AF36-4D36-A0BC-1A11660756CD}"
EndProject
Project("{FAE04EC0-301F-11D3-BF4B-00C04F79EFBC}") = "App.Data.Repository", "App.Data.Repository\App.Data.Repository.csproj", "{668A6BA4-5A86-4877-84DA-A02B3FB241B5}"
EndProject
Project("{FAE04EC0-301F-11D3-BF4B-00C04F79EFBC}") = "App.Data.RepositoryTest", "App.Data.RepositoryTest\App.Data.RepositoryTest.csproj", "{414EA2C7-E989-4804-909A-DB0D97C06B30}"
EndProject
Project("{2150E333-8FDC-42A3-9474-1A3956D46DE8}") = "Services", "Services", "{2C079B4E-D9DE-4520-AA1F-DF5C92C2781B}"
EndProject
Project("{FAE04EC0-301F-11D3-BF4B-00C04F79EFBC}") = "App.Service.WCFLib", "App.Service.WCFLib\App.Service.WCFLib.csproj", "{81F842D3-571A-4EAD-B0F3-E4081A3A33CD}"
EndProject
Global
	GlobalSection(SolutionConfigurationPlatforms) = preSolution
		Debug|Any CPU = Debug|Any CPU
		Release|Any CPU = Release|Any CPU
	EndGlobalSection
	GlobalSection(ProjectConfigurationPlatforms) = postSolution
		{B6E325AF-00CF-4F91-9BC9-435F725D9915}.Debug|Any CPU.ActiveCfg = Debug|Any CPU
		{B6E325AF-00CF-4F91-9BC9-435F725D9915}.Debug|Any CPU.Build.0 = Debug|Any CPU
		{B6E325AF-00CF-4F91-9BC9-435F725D9915}.Release|Any CPU.ActiveCfg = Release|Any CPU
		{B6E325AF-00CF-4F91-9BC9-435F725D9915}.Release|Any CPU.Build.0 = Release|Any CPU
		{14ADC132-FBEC-4A49-B9C1-CE33965DD5EA}.Debug|Any CPU.ActiveCfg = Debug|Any CPU
		{14ADC132-FBEC-4A49-B9C1-CE33965DD5EA}.Debug|Any CPU.Build.0 = Debug|Any CPU
		{14ADC132-FBEC-4A49-B9C1-CE33965DD5EA}.Release|Any CPU.ActiveCfg = Release|Any CPU
		{14ADC132-FBEC-4A49-B9C1-CE33965DD5EA}.Release|Any CPU.Build.0 = Release|Any CPU
		{FFFC01C7-481C-41F7-B3F2-7D978F5B4339}.Debug|Any CPU.ActiveCfg = Debug|Any CPU
		{FFFC01C7-481C-41F7-B3F2-7D978F5B4339}.Debug|Any CPU.Build.0 = Debug|Any CPU
		{FFFC01C7-481C-41F7-B3F2-7D978F5B4339}.Release|Any CPU.ActiveCfg = Release|Any CPU
		{FFFC01C7-481C-41F7-B3F2-7D978F5B4339}.Release|Any CPU.Build.0 = Release|Any CPU
		{00CD011B-CA35-4F3D-9BE9-3FE084279B99}.Debug|Any CPU.ActiveCfg = Debug|Any CPU
		{00CD011B-CA35-4F3D-9BE9-3FE084279B99}.Debug|Any CPU.Build.0 = Debug|Any CPU
		{00CD011B-CA35-4F3D-9BE9-3FE084279B99}.Release|Any CPU.ActiveCfg = Release|Any CPU
		{00CD011B-CA35-4F3D-9BE9-3FE084279B99}.Release|Any CPU.Build.0 = Release|Any CPU
		{96378BC8-6AD0-424D-B864-93DB47C0CFBA}.Debug|Any CPU.ActiveCfg = Debug|Any CPU
		{96378BC8-6AD0-424D-B864-93DB47C0CFBA}.Debug|Any CPU.Build.0 = Debug|Any CPU
		{96378BC8-6AD0-424D-B864-93DB47C0CFBA}.Release|Any CPU.ActiveCfg = Release|Any CPU
		{96378BC8-6AD0-424D-B864-93DB47C0CFBA}.Release|Any CPU.Build.0 = Release|Any CPU
		{C021A6EA-AF36-4D36-A0BC-1A11660756CD}.Debug|Any CPU.ActiveCfg = Debug|Any CPU
		{C021A6EA-AF36-4D36-A0BC-1A11660756CD}.Debug|Any CPU.Build.0 = Debug|Any CPU
		{C021A6EA-AF36-4D36-A0BC-1A11660756CD}.Release|Any CPU.ActiveCfg = Release|Any CPU
		{C021A6EA-AF36-4D36-A0BC-1A11660756CD}.Release|Any CPU.Build.0 = Release|Any CPU
		{668A6BA4-5A86-4877-84DA-A02B3FB241B5}.Debug|Any CPU.ActiveCfg = Debug|Any CPU
		{668A6BA4-5A86-4877-84DA-A02B3FB241B5}.Debug|Any CPU.Build.0 = Debug|Any CPU
		{668A6BA4-5A86-4877-84DA-A02B3FB241B5}.Release|Any CPU.ActiveCfg = Release|Any CPU
		{668A6BA4-5A86-4877-84DA-A02B3FB241B5}.Release|Any CPU.Build.0 = Release|Any CPU
		{414EA2C7-E989-4804-909A-DB0D97C06B30}.Debug|Any CPU.ActiveCfg = Debug|Any CPU
		{414EA2C7-E989-4804-909A-DB0D97C06B30}.Debug|Any CPU.Build.0 = Debug|Any CPU
		{414EA2C7-E989-4804-909A-DB0D97C06B30}.Release|Any CPU.ActiveCfg = Release|Any CPU
		{414EA2C7-E989-4804-909A-DB0D97C06B30}.Release|Any CPU.Build.0 = Release|Any CPU
		{81F842D3-571A-4EAD-B0F3-E4081A3A33CD}.Debug|Any CPU.ActiveCfg = Debug|Any CPU
		{81F842D3-571A-4EAD-B0F3-E4081A3A33CD}.Debug|Any CPU.Build.0 = Debug|Any CPU
		{81F842D3-571A-4EAD-B0F3-E4081A3A33CD}.Release|Any CPU.ActiveCfg = Release|Any CPU
		{81F842D3-571A-4EAD-B0F3-E4081A3A33CD}.Release|Any CPU.Build.0 = Release|Any CPU
	EndGlobalSection
	GlobalSection(SolutionProperties) = preSolution
		HideSolutionNode = FALSE
	EndGlobalSection
	GlobalSection(NestedProjects) = preSolution
		{B6E325AF-00CF-4F91-9BC9-435F725D9915} = {A74B0FE3-D00B-4063-A119-823AD66FC5C4}
		{14ADC132-FBEC-4A49-B9C1-CE33965DD5EA} = {6FCDF215-FF56-40FA-AC60-0E144FCC734B}
		{FFFC01C7-481C-41F7-B3F2-7D978F5B4339} = {A74B0FE3-D00B-4063-A119-823AD66FC5C4}
		{00CD011B-CA35-4F3D-9BE9-3FE084279B99} = {6FCDF215-FF56-40FA-AC60-0E144FCC734B}
		{96378BC8-6AD0-424D-B864-93DB47C0CFBA} = {C0B91541-714B-47BF-AA06-CDE0E7808673}
		{C021A6EA-AF36-4D36-A0BC-1A11660756CD} = {A74B0FE3-D00B-4063-A119-823AD66FC5C4}
		{668A6BA4-5A86-4877-84DA-A02B3FB241B5} = {A74B0FE3-D00B-4063-A119-823AD66FC5C4}
		{414EA2C7-E989-4804-909A-DB0D97C06B30} = {A74B0FE3-D00B-4063-A119-823AD66FC5C4}
		{81F842D3-571A-4EAD-B0F3-E4081A3A33CD} = {2C079B4E-D9DE-4520-AA1F-DF5C92C2781B}
	EndGlobalSection
	GlobalSection(ExtensibilityGlobals) = postSolution
		SolutionGuid = {BAEEF703-9977-4850-8F7F-2AB819EBB1AD}
	EndGlobalSection
EndGlobal
